
Microsoft Visual Studio Solution File, Format Version 12.00
# Visual Studio Version 17
VisualStudioVersion = 17.6.33815.320
MinimumVisualStudioVersion = 10.0.40219.1
Project("{FAE04EC0-301F-11D3-BF4B-00C04F79EFBC}") = "HCP08", "HCP08.csproj", "{CC26AE9D-B5D7-42BC-90FD-95D314ECB4E6}"
EndProject
Global
	GlobalSection(SolutionConfigurationPlatforms) = preSolution
		Debug|Any CPU = Debug|Any CPU
		Release|Any CPU = Release|Any CPU
	EndGlobalSection
	GlobalSection(ProjectConfigurationPlatforms) = postSolution
		{CC26AE9D-B5D7-42BC-90FD-95D314ECB4E6}.Debug|Any CPU.ActiveCfg = Debug|Any CPU
		{CC26AE9D-B5D7-42BC-90FD-95D314ECB4E6}.Debug|Any CPU.Build.0 = Debug|Any CPU
		{CC26AE9D-B5D7-42BC-90FD-95D314ECB4E6}.Release|Any CPU.ActiveCfg = Release|Any CPU
		{CC26AE9D-B5D7-42BC-90FD-95D314ECB4E6}.Release|Any CPU.Build.0 = Release|Any CPU
	EndGlobalSection
	GlobalSection(SolutionProperties) = preSolution
		HideSolutionNode = FALSE
	EndGlobalSection
	GlobalSection(ExtensibilityGlobals) = postSolution
		SolutionGuid = {E81FD743-F7BD-4E5C-9ACE-41B46F6D13BF}
	EndGlobalSection
EndGlobal
