
Microsoft Visual Studio Solution File, Format Version 12.00
# Visual Studio Version 17
VisualStudioVersion = 17.6.33815.320
MinimumVisualStudioVersion = 10.0.40219.1
Project("{FAE04EC0-301F-11D3-BF4B-00C04F79EFBC}") = "StudentList_While", "StudentList_While.csproj", "{8E357879-0442-4832-BF40-2E0EB3BF3719}"
EndProject
Global
	GlobalSection(SolutionConfigurationPlatforms) = preSolution
		Debug|Any CPU = Debug|Any CPU
		Release|Any CPU = Release|Any CPU
	EndGlobalSection
	GlobalSection(ProjectConfigurationPlatforms) = postSolution
		{8E357879-0442-4832-BF40-2E0EB3BF3719}.Debug|Any CPU.ActiveCfg = Debug|Any CPU
		{8E357879-0442-4832-BF40-2E0EB3BF3719}.Debug|Any CPU.Build.0 = Debug|Any CPU
		{8E357879-0442-4832-BF40-2E0EB3BF3719}.Release|Any CPU.ActiveCfg = Release|Any CPU
		{8E357879-0442-4832-BF40-2E0EB3BF3719}.Release|Any CPU.Build.0 = Release|Any CPU
	EndGlobalSection
	GlobalSection(SolutionProperties) = preSolution
		HideSolutionNode = FALSE
	EndGlobalSection
	GlobalSection(ExtensibilityGlobals) = postSolution
		SolutionGuid = {C631CCD5-9C22-438F-9020-7DE8904663D3}
	EndGlobalSection
EndGlobal
