
Microsoft Visual Studio Solution File, Format Version 12.00
# Visual Studio Version 17
VisualStudioVersion = 17.6.33723.286
MinimumVisualStudioVersion = 10.0.40219.1
Project("{FAE04EC0-301F-11D3-BF4B-00C04F79EFBC}") = "Calculator", "Calculator.csproj", "{D58D37A8-754A-48ED-AC84-1688DB319392}"
EndProject
Global
	GlobalSection(SolutionConfigurationPlatforms) = preSolution
		Debug|Any CPU = Debug|Any CPU
		Release|Any CPU = Release|Any CPU
	EndGlobalSection
	GlobalSection(ProjectConfigurationPlatforms) = postSolution
		{D58D37A8-754A-48ED-AC84-1688DB319392}.Debug|Any CPU.ActiveCfg = Debug|Any CPU
		{D58D37A8-754A-48ED-AC84-1688DB319392}.Debug|Any CPU.Build.0 = Debug|Any CPU
		{D58D37A8-754A-48ED-AC84-1688DB319392}.Release|Any CPU.ActiveCfg = Release|Any CPU
		{D58D37A8-754A-48ED-AC84-1688DB319392}.Release|Any CPU.Build.0 = Release|Any CPU
	EndGlobalSection
	GlobalSection(SolutionProperties) = preSolution
		HideSolutionNode = FALSE
	EndGlobalSection
	GlobalSection(ExtensibilityGlobals) = postSolution
		SolutionGuid = {E1255726-28B7-47A5-815A-E610ABE81A7C}
	EndGlobalSection
EndGlobal
