
Microsoft Visual Studio Solution File, Format Version 12.00
# Visual Studio Version 17
VisualStudioVersion = 17.5.33530.505
MinimumVisualStudioVersion = 10.0.40219.1
Project("{FAE04EC0-301F-11D3-BF4B-00C04F79EFBC}") = "StreamEx", "StreamEx.csproj", "{6155AEBD-16FA-4C9A-933B-3975EFE45C32}"
EndProject
Global
	GlobalSection(SolutionConfigurationPlatforms) = preSolution
		Debug|Any CPU = Debug|Any CPU
		Release|Any CPU = Release|Any CPU
	EndGlobalSection
	GlobalSection(ProjectConfigurationPlatforms) = postSolution
		{6155AEBD-16FA-4C9A-933B-3975EFE45C32}.Debug|Any CPU.ActiveCfg = Debug|Any CPU
		{6155AEBD-16FA-4C9A-933B-3975EFE45C32}.Debug|Any CPU.Build.0 = Debug|Any CPU
		{6155AEBD-16FA-4C9A-933B-3975EFE45C32}.Release|Any CPU.ActiveCfg = Release|Any CPU
		{6155AEBD-16FA-4C9A-933B-3975EFE45C32}.Release|Any CPU.Build.0 = Release|Any CPU
	EndGlobalSection
	GlobalSection(SolutionProperties) = preSolution
		HideSolutionNode = FALSE
	EndGlobalSection
	GlobalSection(ExtensibilityGlobals) = postSolution
		SolutionGuid = {2161AB6B-F39C-4777-BE03-FD78B5E00171}
	EndGlobalSection
EndGlobal
