
Microsoft Visual Studio Solution File, Format Version 12.00
# Visual Studio Version 17
VisualStudioVersion = 17.6.33815.320
MinimumVisualStudioVersion = 10.0.40219.1
Project("{FAE04EC0-301F-11D3-BF4B-00C04F79EFBC}") = "HCP07", "HCP07.csproj", "{643495A3-38E7-4C42-8955-356D79A57E2E}"
EndProject
Global
	GlobalSection(SolutionConfigurationPlatforms) = preSolution
		Debug|Any CPU = Debug|Any CPU
		Release|Any CPU = Release|Any CPU
	EndGlobalSection
	GlobalSection(ProjectConfigurationPlatforms) = postSolution
		{643495A3-38E7-4C42-8955-356D79A57E2E}.Debug|Any CPU.ActiveCfg = Debug|Any CPU
		{643495A3-38E7-4C42-8955-356D79A57E2E}.Debug|Any CPU.Build.0 = Debug|Any CPU
		{643495A3-38E7-4C42-8955-356D79A57E2E}.Release|Any CPU.ActiveCfg = Release|Any CPU
		{643495A3-38E7-4C42-8955-356D79A57E2E}.Release|Any CPU.Build.0 = Release|Any CPU
	EndGlobalSection
	GlobalSection(SolutionProperties) = preSolution
		HideSolutionNode = FALSE
	EndGlobalSection
	GlobalSection(ExtensibilityGlobals) = postSolution
		SolutionGuid = {D81DA537-9EBE-43A5-9FE5-85575E277406}
	EndGlobalSection
EndGlobal
