
Microsoft Visual Studio Solution File, Format Version 12.00
# Visual Studio Version 17
VisualStudioVersion = 17.6.33723.286
MinimumVisualStudioVersion = 10.0.40219.1
Project("{FAE04EC0-301F-11D3-BF4B-00C04F79EFBC}") = "MessageAlarm", "MessageAlarm\MessageAlarm.csproj", "{BE8047FA-BAE6-4FAF-A9F5-A503AAECF1A1}"
EndProject
Global
	GlobalSection(SolutionConfigurationPlatforms) = preSolution
		Debug|Any CPU = Debug|Any CPU
		Release|Any CPU = Release|Any CPU
	EndGlobalSection
	GlobalSection(ProjectConfigurationPlatforms) = postSolution
		{BE8047FA-BAE6-4FAF-A9F5-A503AAECF1A1}.Debug|Any CPU.ActiveCfg = Debug|Any CPU
		{BE8047FA-BAE6-4FAF-A9F5-A503AAECF1A1}.Debug|Any CPU.Build.0 = Debug|Any CPU
		{BE8047FA-BAE6-4FAF-A9F5-A503AAECF1A1}.Release|Any CPU.ActiveCfg = Release|Any CPU
		{BE8047FA-BAE6-4FAF-A9F5-A503AAECF1A1}.Release|Any CPU.Build.0 = Release|Any CPU
	EndGlobalSection
	GlobalSection(SolutionProperties) = preSolution
		HideSolutionNode = FALSE
	EndGlobalSection
	GlobalSection(ExtensibilityGlobals) = postSolution
		SolutionGuid = {BF1C9FEC-FE04-4D19-9244-7381A10E2725}
	EndGlobalSection
EndGlobal
