
Microsoft Visual Studio Solution File, Format Version 12.00
# Visual Studio Version 17
VisualStudioVersion = 17.5.33530.505
MinimumVisualStudioVersion = 10.0.40219.1
Project("{FAE04EC0-301F-11D3-BF4B-00C04F79EFBC}") = "FirstClass", "FirstClass.csproj", "{10A8A188-DBCE-448C-AD16-6530D6C670EC}"
EndProject
Global
	GlobalSection(SolutionConfigurationPlatforms) = preSolution
		Debug|Any CPU = Debug|Any CPU
		Release|Any CPU = Release|Any CPU
	EndGlobalSection
	GlobalSection(ProjectConfigurationPlatforms) = postSolution
		{10A8A188-DBCE-448C-AD16-6530D6C670EC}.Debug|Any CPU.ActiveCfg = Debug|Any CPU
		{10A8A188-DBCE-448C-AD16-6530D6C670EC}.Debug|Any CPU.Build.0 = Debug|Any CPU
		{10A8A188-DBCE-448C-AD16-6530D6C670EC}.Release|Any CPU.ActiveCfg = Release|Any CPU
		{10A8A188-DBCE-448C-AD16-6530D6C670EC}.Release|Any CPU.Build.0 = Release|Any CPU
	EndGlobalSection
	GlobalSection(SolutionProperties) = preSolution
		HideSolutionNode = FALSE
	EndGlobalSection
	GlobalSection(ExtensibilityGlobals) = postSolution
		SolutionGuid = {4F2CF5CE-3640-4B40-BD1A-C1C527846FE3}
	EndGlobalSection
EndGlobal
