
Microsoft Visual Studio Solution File, Format Version 12.00
# Visual Studio Version 17
VisualStudioVersion = 17.5.33530.505
MinimumVisualStudioVersion = 10.0.40219.1
Project("{FAE04EC0-301F-11D3-BF4B-00C04F79EFBC}") = "DirectroyEx", "DirectroyEx.csproj", "{59D053AC-89D4-4869-A727-ADDF03F7DE86}"
EndProject
Global
	GlobalSection(SolutionConfigurationPlatforms) = preSolution
		Debug|Any CPU = Debug|Any CPU
		Release|Any CPU = Release|Any CPU
	EndGlobalSection
	GlobalSection(ProjectConfigurationPlatforms) = postSolution
		{59D053AC-89D4-4869-A727-ADDF03F7DE86}.Debug|Any CPU.ActiveCfg = Debug|Any CPU
		{59D053AC-89D4-4869-A727-ADDF03F7DE86}.Debug|Any CPU.Build.0 = Debug|Any CPU
		{59D053AC-89D4-4869-A727-ADDF03F7DE86}.Release|Any CPU.ActiveCfg = Release|Any CPU
		{59D053AC-89D4-4869-A727-ADDF03F7DE86}.Release|Any CPU.Build.0 = Release|Any CPU
	EndGlobalSection
	GlobalSection(SolutionProperties) = preSolution
		HideSolutionNode = FALSE
	EndGlobalSection
	GlobalSection(ExtensibilityGlobals) = postSolution
		SolutionGuid = {C3AB91C7-90EB-48FB-AF05-D715CECF5B24}
	EndGlobalSection
EndGlobal
